
Microsoft Visual Studio Solution File, Format Version 12.00
# Visual Studio Version 17
VisualStudioVersion = 17.14.36915.13 d17.14
MinimumVisualStudioVersion = 10.0.40219.1
Project("{FAE04EC0-301F-11D3-BF4B-00C04F79EFBC}") = "PlantCatalogAPI_Shubham", "PlantCatalogAPI_Shubham\PlantCatalogAPI_Shubham.csproj", "{441667EE-AEBB-4745-A5A6-4ED4F3F6B0A8}"
EndProject
Global
	GlobalSection(SolutionConfigurationPlatforms) = preSolution
		Debug|Any CPU = Debug|Any CPU
		Release|Any CPU = Release|Any CPU
	EndGlobalSection
	GlobalSection(ProjectConfigurationPlatforms) = postSolution
		{441667EE-AEBB-4745-A5A6-4ED4F3F6B0A8}.Debug|Any CPU.ActiveCfg = Debug|Any CPU
		{441667EE-AEBB-4745-A5A6-4ED4F3F6B0A8}.Debug|Any CPU.Build.0 = Debug|Any CPU
		{441667EE-AEBB-4745-A5A6-4ED4F3F6B0A8}.Release|Any CPU.ActiveCfg = Release|Any CPU
		{441667EE-AEBB-4745-A5A6-4ED4F3F6B0A8}.Release|Any CPU.Build.0 = Release|Any CPU
	EndGlobalSection
	GlobalSection(SolutionProperties) = preSolution
		HideSolutionNode = FALSE
	EndGlobalSection
	GlobalSection(ExtensibilityGlobals) = postSolution
		SolutionGuid = {546C1FCD-0074-4013-A6D2-2569A2193E2F}
	EndGlobalSection
EndGlobal
